
Microsoft Visual Studio Solution File, Format Version 12.00
# Visual Studio Version 16
VisualStudioVersion = 16.0.30907.101
MinimumVisualStudioVersion = 10.0.40219.1
Project("{9A19103F-16F7-4668-BE54-9A1E7A4F7556}") = "enstam_anna_labIII", "enstam_anna_labIII\enstam_anna_labIII.csproj", "{4BFDB8C1-47A6-42AE-BC5C-1D8E9DD8B1F7}"
EndProject
Project("{FAE04EC0-301F-11D3-BF4B-00C04F79EFBC}") = "enstam_anna_labIII.UnitTests", "enstam_anna_labIII.UnitTests\enstam_anna_labIII.UnitTests.csproj", "{842263EB-B0FA-47C7-86BB-366BA302FB2D}"
EndProject
Global
	GlobalSection(SolutionConfigurationPlatforms) = preSolution
		Debug|Any CPU = Debug|Any CPU
		Release|Any CPU = Release|Any CPU
	EndGlobalSection
	GlobalSection(ProjectConfigurationPlatforms) = postSolution
		{4BFDB8C1-47A6-42AE-BC5C-1D8E9DD8B1F7}.Debug|Any CPU.ActiveCfg = Debug|Any CPU
		{4BFDB8C1-47A6-42AE-BC5C-1D8E9DD8B1F7}.Debug|Any CPU.Build.0 = Debug|Any CPU
		{4BFDB8C1-47A6-42AE-BC5C-1D8E9DD8B1F7}.Release|Any CPU.ActiveCfg = Release|Any CPU
		{4BFDB8C1-47A6-42AE-BC5C-1D8E9DD8B1F7}.Release|Any CPU.Build.0 = Release|Any CPU
		{842263EB-B0FA-47C7-86BB-366BA302FB2D}.Debug|Any CPU.ActiveCfg = Debug|Any CPU
		{842263EB-B0FA-47C7-86BB-366BA302FB2D}.Debug|Any CPU.Build.0 = Debug|Any CPU
		{842263EB-B0FA-47C7-86BB-366BA302FB2D}.Release|Any CPU.ActiveCfg = Release|Any CPU
		{842263EB-B0FA-47C7-86BB-366BA302FB2D}.Release|Any CPU.Build.0 = Release|Any CPU
	EndGlobalSection
	GlobalSection(SolutionProperties) = preSolution
		HideSolutionNode = FALSE
	EndGlobalSection
	GlobalSection(ExtensibilityGlobals) = postSolution
		SolutionGuid = {79CDD088-8E2D-4319-B968-BF088B419F6B}
	EndGlobalSection
EndGlobal
